Microsoft Visual Studio Solution File, Format Version 12.00
# Visual Studio Version 17
VisualStudioVersion = 17.5.2.0
MinimumVisualStudioVersion = 10.0.40219.1
Project("{FAE04EC0-301F-11D3-BF4B-00C04F79EFBC}") = "crudStudiesNET", "crudStudiesNET.csproj", "{604AB5AE-9D63-CBE1-46C5-BC6599BB66BB}"
EndProject
Global
	GlobalSection(SolutionConfigurationPlatforms) = preSolution
		Debug|Any CPU = Debug|Any CPU
		Release|Any CPU = Release|Any CPU
	EndGlobalSection
	GlobalSection(ProjectConfigurationPlatforms) = postSolution
		{604AB5AE-9D63-CBE1-46C5-BC6599BB66BB}.Debug|Any CPU.ActiveCfg = Debug|Any CPU
		{604AB5AE-9D63-CBE1-46C5-BC6599BB66BB}.Debug|Any CPU.Build.0 = Debug|Any CPU
		{604AB5AE-9D63-CBE1-46C5-BC6599BB66BB}.Release|Any CPU.ActiveCfg = Release|Any CPU
		{604AB5AE-9D63-CBE1-46C5-BC6599BB66BB}.Release|Any CPU.Build.0 = Release|Any CPU
	EndGlobalSection
	GlobalSection(SolutionProperties) = preSolution
		HideSolutionNode = FALSE
	EndGlobalSection
	GlobalSection(ExtensibilityGlobals) = postSolution
		SolutionGuid = {8770E044-7F35-4F44-8BBE-519BC8205577}
	EndGlobalSection
EndGlobal
